
Microsoft Visual Studio Solution File, Format Version 12.00
# Visual Studio 15
VisualStudioVersion = 15.0.26124.0
MinimumVisualStudioVersion = 15.0.26124.0
Project("{2150E333-8FDC-42A3-9474-1A3956D46DE8}") = "src", "src", "{211390D5-FDDE-41EE-A4B3-9753FB3FDE80}"
EndProject
Project("{FAE04EC0-301F-11D3-BF4B-00C04F79EFBC}") = "Web", "src\Web\Web.csproj", "{61ED5C48-C61F-4EA4-B61C-AD6B6280FCDC}"
EndProject
Project("{2150E333-8FDC-42A3-9474-1A3956D46DE8}") = "tests", "tests", "{9685761D-8C9D-43F4-AF70-F2D8F1259D2E}"
EndProject
Project("{FAE04EC0-301F-11D3-BF4B-00C04F79EFBC}") = "FunctionalTests", "tests\FunctionalTests\FunctionalTests.csproj", "{1FD2C0F8-1244-4F5E-9A19-A485468F5EC7}"
EndProject
Project("{FAE04EC0-301F-11D3-BF4B-00C04F79EFBC}") = "IntegrationTests", "tests\IntegrationTests\IntegrationTests.csproj", "{73496BA9-3128-4FDC-B4E9-72CB52164FBC}"
EndProject
Project("{FAE04EC0-301F-11D3-BF4B-00C04F79EFBC}") = "UnitTests", "tests\UnitTests\UnitTests.csproj", "{932D59C8-86AF-4C93-BACA-AD0A5BD733EC}"
EndProject
Global
	GlobalSection(SolutionConfigurationPlatforms) = preSolution
		Debug|Any CPU = Debug|Any CPU
		Debug|x64 = Debug|x64
		Debug|x86 = Debug|x86
		Release|Any CPU = Release|Any CPU
		Release|x64 = Release|x64
		Release|x86 = Release|x86
	EndGlobalSection
	GlobalSection(SolutionProperties) = preSolution
		HideSolutionNode = FALSE
	EndGlobalSection
	GlobalSection(ProjectConfigurationPlatforms) = postSolution
		{61ED5C48-C61F-4EA4-B61C-AD6B6280FCDC}.Debug|Any CPU.ActiveCfg = Debug|Any CPU
		{61ED5C48-C61F-4EA4-B61C-AD6B6280FCDC}.Debug|Any CPU.Build.0 = Debug|Any CPU
		{61ED5C48-C61F-4EA4-B61C-AD6B6280FCDC}.Debug|x64.ActiveCfg = Debug|Any CPU
		{61ED5C48-C61F-4EA4-B61C-AD6B6280FCDC}.Debug|x64.Build.0 = Debug|Any CPU
		{61ED5C48-C61F-4EA4-B61C-AD6B6280FCDC}.Debug|x86.ActiveCfg = Debug|Any CPU
		{61ED5C48-C61F-4EA4-B61C-AD6B6280FCDC}.Debug|x86.Build.0 = Debug|Any CPU
		{61ED5C48-C61F-4EA4-B61C-AD6B6280FCDC}.Release|Any CPU.ActiveCfg = Release|Any CPU
		{61ED5C48-C61F-4EA4-B61C-AD6B6280FCDC}.Release|Any CPU.Build.0 = Release|Any CPU
		{61ED5C48-C61F-4EA4-B61C-AD6B6280FCDC}.Release|x64.ActiveCfg = Release|Any CPU
		{61ED5C48-C61F-4EA4-B61C-AD6B6280FCDC}.Release|x64.Build.0 = Release|Any CPU
		{61ED5C48-C61F-4EA4-B61C-AD6B6280FCDC}.Release|x86.ActiveCfg = Release|Any CPU
		{61ED5C48-C61F-4EA4-B61C-AD6B6280FCDC}.Release|x86.Build.0 = Release|Any CPU
		{1FD2C0F8-1244-4F5E-9A19-A485468F5EC7}.Debug|Any CPU.ActiveCfg = Debug|Any CPU
		{1FD2C0F8-1244-4F5E-9A19-A485468F5EC7}.Debug|Any CPU.Build.0 = Debug|Any CPU
		{1FD2C0F8-1244-4F5E-9A19-A485468F5EC7}.Debug|x64.ActiveCfg = Debug|Any CPU
		{1FD2C0F8-1244-4F5E-9A19-A485468F5EC7}.Debug|x64.Build.0 = Debug|Any CPU
		{1FD2C0F8-1244-4F5E-9A19-A485468F5EC7}.Debug|x86.ActiveCfg = Debug|Any CPU
		{1FD2C0F8-1244-4F5E-9A19-A485468F5EC7}.Debug|x86.Build.0 = Debug|Any CPU
		{1FD2C0F8-1244-4F5E-9A19-A485468F5EC7}.Release|Any CPU.ActiveCfg = Release|Any CPU
		{1FD2C0F8-1244-4F5E-9A19-A485468F5EC7}.Release|Any CPU.Build.0 = Release|Any CPU
		{1FD2C0F8-1244-4F5E-9A19-A485468F5EC7}.Release|x64.ActiveCfg = Release|Any CPU
		{1FD2C0F8-1244-4F5E-9A19-A485468F5EC7}.Release|x64.Build.0 = Release|Any CPU
		{1FD2C0F8-1244-4F5E-9A19-A485468F5EC7}.Release|x86.ActiveCfg = Release|Any CPU
		{1FD2C0F8-1244-4F5E-9A19-A485468F5EC7}.Release|x86.Build.0 = Release|Any CPU
		{73496BA9-3128-4FDC-B4E9-72CB52164FBC}.Debug|Any CPU.ActiveCfg = Debug|Any CPU
		{73496BA9-3128-4FDC-B4E9-72CB52164FBC}.Debug|Any CPU.Build.0 = Debug|Any CPU
		{73496BA9-3128-4FDC-B4E9-72CB52164FBC}.Debug|x64.ActiveCfg = Debug|Any CPU
		{73496BA9-3128-4FDC-B4E9-72CB52164FBC}.Debug|x64.Build.0 = Debug|Any CPU
		{73496BA9-3128-4FDC-B4E9-72CB52164FBC}.Debug|x86.ActiveCfg = Debug|Any CPU
		{73496BA9-3128-4FDC-B4E9-72CB52164FBC}.Debug|x86.Build.0 = Debug|Any CPU
		{73496BA9-3128-4FDC-B4E9-72CB52164FBC}.Release|Any CPU.ActiveCfg = Release|Any CPU
		{73496BA9-3128-4FDC-B4E9-72CB52164FBC}.Release|Any CPU.Build.0 = Release|Any CPU
		{73496BA9-3128-4FDC-B4E9-72CB52164FBC}.Release|x64.ActiveCfg = Release|Any CPU
		{73496BA9-3128-4FDC-B4E9-72CB52164FBC}.Release|x64.Build.0 = Release|Any CPU
		{73496BA9-3128-4FDC-B4E9-72CB52164FBC}.Release|x86.ActiveCfg = Release|Any CPU
		{73496BA9-3128-4FDC-B4E9-72CB52164FBC}.Release|x86.Build.0 = Release|Any CPU
		{932D59C8-86AF-4C93-BACA-AD0A5BD733EC}.Debug|Any CPU.ActiveCfg = Debug|Any CPU
		{932D59C8-86AF-4C93-BACA-AD0A5BD733EC}.Debug|Any CPU.Build.0 = Debug|Any CPU
		{932D59C8-86AF-4C93-BACA-AD0A5BD733EC}.Debug|x64.ActiveCfg = Debug|Any CPU
		{932D59C8-86AF-4C93-BACA-AD0A5BD733EC}.Debug|x64.Build.0 = Debug|Any CPU
		{932D59C8-86AF-4C93-BACA-AD0A5BD733EC}.Debug|x86.ActiveCfg = Debug|Any CPU
		{932D59C8-86AF-4C93-BACA-AD0A5BD733EC}.Debug|x86.Build.0 = Debug|Any CPU
		{932D59C8-86AF-4C93-BACA-AD0A5BD733EC}.Release|Any CPU.ActiveCfg = Release|Any CPU
		{932D59C8-86AF-4C93-BACA-AD0A5BD733EC}.Release|Any CPU.Build.0 = Release|Any CPU
		{932D59C8-86AF-4C93-BACA-AD0A5BD733EC}.Release|x64.ActiveCfg = Release|Any CPU
		{932D59C8-86AF-4C93-BACA-AD0A5BD733EC}.Release|x64.Build.0 = Release|Any CPU
		{932D59C8-86AF-4C93-BACA-AD0A5BD733EC}.Release|x86.ActiveCfg = Release|Any CPU
		{932D59C8-86AF-4C93-BACA-AD0A5BD733EC}.Release|x86.Build.0 = Release|Any CPU
	EndGlobalSection
	GlobalSection(NestedProjects) = preSolution
		{61ED5C48-C61F-4EA4-B61C-AD6B6280FCDC} = {211390D5-FDDE-41EE-A4B3-9753FB3FDE80}
		{1FD2C0F8-1244-4F5E-9A19-A485468F5EC7} = {9685761D-8C9D-43F4-AF70-F2D8F1259D2E}
		{73496BA9-3128-4FDC-B4E9-72CB52164FBC} = {9685761D-8C9D-43F4-AF70-F2D8F1259D2E}
		{932D59C8-86AF-4C93-BACA-AD0A5BD733EC} = {9685761D-8C9D-43F4-AF70-F2D8F1259D2E}
	EndGlobalSection
EndGlobal
